
Microsoft Visual Studio Solution File, Format Version 12.00
# Visual Studio Version 17
VisualStudioVersion = 17.14.36221.1
MinimumVisualStudioVersion = 10.0.40219.1
Project("{FAE04EC0-301F-11D3-BF4B-00C04F79EFBC}") = "EmployeeProject.Presentation", "EmployeeProject\EmployeeProject.Presentation.csproj", "{C1FFFA42-1900-426D-A92A-BD07C477EB65}"
EndProject
Project("{FAE04EC0-301F-11D3-BF4B-00C04F79EFBC}") = "EmployeeProject.Repository", "EmployeeProject.Repository\EmployeeProject.Repository.csproj", "{C6916F7A-F022-48C7-BFB5-E9CA370E5328}"
EndProject
Project("{FAE04EC0-301F-11D3-BF4B-00C04F79EFBC}") = "EmployeeProject.BusinessLogic", "EmployeeProject.BusinessLogic\EmployeeProject.BusinessLogic.csproj", "{8EE7B24A-4F32-4339-9DD1-D0378A5A2581}"
EndProject
Project("{FAE04EC0-301F-11D3-BF4B-00C04F79EFBC}") = "EmployeeProject.DataAccess", "EmployeeProject.DataAccess\EmployeeProject.DataAccess.csproj", "{0B3377A0-5A5F-4A4B-8231-BAA5FD8E47E6}"
EndProject
Project("{FAE04EC0-301F-11D3-BF4B-00C04F79EFBC}") = "EmployeeProject.Data", "EmployeeManagement.Data\EmployeeProject.Data.csproj", "{13DBA541-CA27-4333-98E3-60B4D227EE31}"
EndProject
Global
	GlobalSection(SolutionConfigurationPlatforms) = preSolution
		Debug|Any CPU = Debug|Any CPU
		Release|Any CPU = Release|Any CPU
	EndGlobalSection
	GlobalSection(ProjectConfigurationPlatforms) = postSolution
		{C1FFFA42-1900-426D-A92A-BD07C477EB65}.Debug|Any CPU.ActiveCfg = Debug|Any CPU
		{C1FFFA42-1900-426D-A92A-BD07C477EB65}.Debug|Any CPU.Build.0 = Debug|Any CPU
		{C1FFFA42-1900-426D-A92A-BD07C477EB65}.Release|Any CPU.ActiveCfg = Release|Any CPU
		{C1FFFA42-1900-426D-A92A-BD07C477EB65}.Release|Any CPU.Build.0 = Release|Any CPU
		{C6916F7A-F022-48C7-BFB5-E9CA370E5328}.Debug|Any CPU.ActiveCfg = Debug|Any CPU
		{C6916F7A-F022-48C7-BFB5-E9CA370E5328}.Debug|Any CPU.Build.0 = Debug|Any CPU
		{C6916F7A-F022-48C7-BFB5-E9CA370E5328}.Release|Any CPU.ActiveCfg = Release|Any CPU
		{C6916F7A-F022-48C7-BFB5-E9CA370E5328}.Release|Any CPU.Build.0 = Release|Any CPU
		{8EE7B24A-4F32-4339-9DD1-D0378A5A2581}.Debug|Any CPU.ActiveCfg = Debug|Any CPU
		{8EE7B24A-4F32-4339-9DD1-D0378A5A2581}.Debug|Any CPU.Build.0 = Debug|Any CPU
		{8EE7B24A-4F32-4339-9DD1-D0378A5A2581}.Release|Any CPU.ActiveCfg = Release|Any CPU
		{8EE7B24A-4F32-4339-9DD1-D0378A5A2581}.Release|Any CPU.Build.0 = Release|Any CPU
		{0B3377A0-5A5F-4A4B-8231-BAA5FD8E47E6}.Debug|Any CPU.ActiveCfg = Debug|Any CPU
		{0B3377A0-5A5F-4A4B-8231-BAA5FD8E47E6}.Debug|Any CPU.Build.0 = Debug|Any CPU
		{0B3377A0-5A5F-4A4B-8231-BAA5FD8E47E6}.Release|Any CPU.ActiveCfg = Release|Any CPU
		{0B3377A0-5A5F-4A4B-8231-BAA5FD8E47E6}.Release|Any CPU.Build.0 = Release|Any CPU
		{13DBA541-CA27-4333-98E3-60B4D227EE31}.Debug|Any CPU.ActiveCfg = Debug|Any CPU
		{13DBA541-CA27-4333-98E3-60B4D227EE31}.Debug|Any CPU.Build.0 = Debug|Any CPU
		{13DBA541-CA27-4333-98E3-60B4D227EE31}.Release|Any CPU.ActiveCfg = Release|Any CPU
		{13DBA541-CA27-4333-98E3-60B4D227EE31}.Release|Any CPU.Build.0 = Release|Any CPU
	EndGlobalSection
	GlobalSection(SolutionProperties) = preSolution
		HideSolutionNode = FALSE
	EndGlobalSection
	GlobalSection(ExtensibilityGlobals) = postSolution
		SolutionGuid = {C8FEAA68-AE4A-4D1B-84F6-5D213657F6D1}
	EndGlobalSection
EndGlobal
